// !$*UTF8*$!
{
	archiveVersion = 1;
	classes = {
	};
	objectVersion = 50;
	objects = {

/* Begin PBXBuildFile section */
		13C861F022D47F62003735B6 /* AppDelegate.m in Sources */ = {isa = PBXBuildFile; fileRef = 13C861EF22D47F62003735B6 /* AppDelegate.m */; };
		13C861F322D47F62003735B6 /* ViewController.m in Sources */ = {isa = PBXBuildFile; fileRef = 13C861F222D47F62003735B6 /* ViewController.m */; };
		13C861F622D47F62003735B6 /* Main.storyboard in Resources */ = {isa = PBXBuildFile; fileRef = 13C861F422D47F62003735B6 /* Main.storyboard */; };
		13C861F922D47F62003735B6 /* desktop_app_demo.xcdatamodeld in Sources */ = {isa = PBXBuildFile; fileRef = 13C861F722D47F62003735B6 /* desktop_app_demo.xcdatamodeld */; };
		13C861FB22D47F63003735B6 /* Assets.xcassets in Resources */ = {isa = PBXBuildFile; fileRef = 13C861FA22D47F63003735B6 /* Assets.xcassets */; };
		13C861FE22D47F63003735B6 /* LaunchScreen.storyboard in Resources */ = {isa = PBXBuildFile; fileRef = 13C861FC22D47F63003735B6 /* LaunchScreen.storyboard */; };
		13C8620122D47F63003735B6 /* main.m in Sources */ = {isa = PBXBuildFile; fileRef = 13C8620022D47F63003735B6 /* main.m */; };
		13FEB78222D7320D00B6919F /* Web in Resources */ = {isa = PBXBuildFile; fileRef = 13FEB78122D7320D00B6919F /* Web */; };
		8F954C092759C419B1F1241D /* libPods-desktop_app_demo.a in Frameworks */ = {isa = PBXBuildFile; fileRef = CA8A5A8E84247D575AB84B32 /* libPods-desktop_app_demo.a */; };
/* End PBXBuildFile section */

/* Begin PBXFileReference section */
		13C861EB22D47F62003735B6 /* desktop_app_demo.app */ = {isa = PBXFileReference; explicitFileType = wrapper.application; includeInIndex = 0; path = desktop_app_demo.app; sourceTree = BUILT_PRODUCTS_DIR; };
		13C861EE22D47F62003735B6 /* AppDelegate.h */ = {isa = PBXFileReference; lastKnownFileType = sourcecode.c.h; path = AppDelegate.h; sourceTree = "<group>"; };
		13C861EF22D47F62003735B6 /* AppDelegate.m */ = {isa = PBXFileReference; lastKnownFileType = sourcecode.c.objc; path = AppDelegate.m; sourceTree = "<group>"; };
		13C861F122D47F62003735B6 /* ViewController.h */ = {isa = PBXFileReference; lastKnownFileType = sourcecode.c.h; path = ViewController.h; sourceTree = "<group>"; };
		13C861F222D47F62003735B6 /* ViewController.m */ = {isa = PBXFileReference; lastKnownFileType = sourcecode.c.objc; path = ViewController.m; sourceTree = "<group>"; };
		13C861F522D47F62003735B6 /* Base */ = {isa = PBXFileReference; lastKnownFileType = file.storyboard; name = Base; path = Base.lproj/Main.storyboard; sourceTree = "<group>"; };
		13C861F822D47F62003735B6 /* desktop_app_demo.xcdatamodel */ = {isa = PBXFileReference; lastKnownFileType = wrapper.xcdatamodel; path = desktop_app_demo.xcdatamodel; sourceTree = "<group>"; };
		13C861FA22D47F63003735B6 /* Assets.xcassets */ = {isa = PBXFileReference; lastKnownFileType = folder.assetcatalog; path = Assets.xcassets; sourceTree = "<group>"; };
		13C861FD22D47F63003735B6 /* Base */ = {isa = PBXFileReference; lastKnownFileType = file.storyboard; name = Base; path = Base.lproj/LaunchScreen.storyboard; sourceTree = "<group>"; };
		13C861FF22D47F63003735B6 /* Info.plist */ = {isa = PBXFileReference; lastKnownFileType = text.plist.xml; path = Info.plist; sourceTree = "<group>"; };
		13C8620022D47F63003735B6 /* main.m */ = {isa = PBXFileReference; lastKnownFileType = sourcecode.c.objc; path = main.m; sourceTree = "<group>"; };
		13FEB78122D7320D00B6919F /* Web */ = {isa = PBXFileReference; lastKnownFileType = folder; path = Web; sourceTree = "<group>"; };
		BF4DA0CD6EEDC57DE466DE74 /* Pods-desktop_app_demo.release.xcconfig */ = {isa = PBXFileReference; includeInIndex = 1; lastKnownFileType = text.xcconfig; name = "Pods-desktop_app_demo.release.xcconfig"; path = "Target Support Files/Pods-desktop_app_demo/Pods-desktop_app_demo.release.xcconfig"; sourceTree = "<group>"; };
		C015B100B250D33161808759 /* Pods-desktop_app_demo.debug.xcconfig */ = {isa = PBXFileReference; includeInIndex = 1; lastKnownFileType = text.xcconfig; name = "Pods-desktop_app_demo.debug.xcconfig"; path = "Target Support Files/Pods-desktop_app_demo/Pods-desktop_app_demo.debug.xcconfig"; sourceTree = "<group>"; };
		CA8A5A8E84247D575AB84B32 /* libPods-desktop_app_demo.a */ = {isa = PBXFileReference; explicitFileType = archive.ar; includeInIndex = 0; path = "libPods-desktop_app_demo.a"; sourceTree = BUILT_PRODUCTS_DIR; };
/* End PBXFileReference section */

/* Begin PBXFrameworksBuildPhase section */
		13C861E822D47F62003735B6 /* Frameworks */ = {
			isa = PBXFrameworksBuildPhase;
			buildActionMask = 2147483647;
			files = (
				8F954C092759C419B1F1241D /* libPods-desktop_app_demo.a in Frameworks */,
			);
			runOnlyForDeploymentPostprocessing = 0;
		};
/* End PBXFrameworksBuildPhase section */

/* Begin PBXGroup section */
		0B85EBBC13CC2818A324BB1C /* Frameworks */ = {
			isa = PBXGroup;
			children = (
				CA8A5A8E84247D575AB84B32 /* libPods-desktop_app_demo.a */,
			);
			name = Frameworks;
			sourceTree = "<group>";
		};
		13C861E222D47F62003735B6 = {
			isa = PBXGroup;
			children = (
				13C861ED22D47F62003735B6 /* desktop_app_demo */,
				13C861EC22D47F62003735B6 /* Products */,
				A506B23A5C9571AA22F9ADA4 /* Pods */,
				0B85EBBC13CC2818A324BB1C /* Frameworks */,
			);
			sourceTree = "<group>";
		};
		13C861EC22D47F62003735B6 /* Products */ = {
			isa = PBXGroup;
			children = (
				13C861EB22D47F62003735B6 /* desktop_app_demo.app */,
			);
			name = Products;
			sourceTree = "<group>";
		};
		13C861ED22D47F62003735B6 /* desktop_app_demo */ = {
			isa = PBXGroup;
			children = (
				13FEB78122D7320D00B6919F /* Web */,
				13C861EE22D47F62003735B6 /* AppDelegate.h */,
				13C861EF22D47F62003735B6 /* AppDelegate.m */,
				13C861F122D47F62003735B6 /* ViewController.h */,
				13C861F222D47F62003735B6 /* ViewController.m */,
				13C861F422D47F62003735B6 /* Main.storyboard */,
				13C861FA22D47F63003735B6 /* Assets.xcassets */,
				13C861FC22D47F63003735B6 /* LaunchScreen.storyboard */,
				13C861FF22D47F63003735B6 /* Info.plist */,
				13C8620022D47F63003735B6 /* main.m */,
				13C861F722D47F62003735B6 /* desktop_app_demo.xcdatamodeld */,
			);
			path = desktop_app_demo;
			sourceTree = "<group>";
		};
		A506B23A5C9571AA22F9ADA4 /* Pods */ = {
			isa = PBXGroup;
			children = (
				C015B100B250D33161808759 /* Pods-desktop_app_demo.debug.xcconfig */,
				BF4DA0CD6EEDC57DE466DE74 /* Pods-desktop_app_demo.release.xcconfig */,
			);
			path = Pods;
			sourceTree = "<group>";
		};
/* End PBXGroup section */

/* Begin PBXNativeTarget section */
		13C861EA22D47F62003735B6 /* desktop_app_demo */ = {
			isa = PBXNativeTarget;
			buildConfigurationList = 13C8620422D47F63003735B6 /* Build configuration list for PBXNativeTarget "desktop_app_demo" */;
			buildPhases = (
				E4A8503D28D8E07533BD2108 /* [CP] Check Pods Manifest.lock */,
				13C861E722D47F62003735B6 /* Sources */,
				13C861E822D47F62003735B6 /* Frameworks */,
				13C861E922D47F62003735B6 /* Resources */,
			);
			buildRules = (
			);
			dependencies = (
			);
			name = desktop_app_demo;
			productName = desktop_app_demo;
			productReference = 13C861EB22D47F62003735B6 /* desktop_app_demo.app */;
			productType = "com.apple.product-type.application";
		};
/* End PBXNativeTarget section */

/* Begin PBXProject section */
		13C861E322D47F62003735B6 /* Project object */ = {
			isa = PBXProject;
			attributes = {
				LastUpgradeCheck = 1020;
				ORGANIZATIONNAME = pst;
				TargetAttributes = {
					13C861EA22D47F62003735B6 = {
						CreatedOnToolsVersion = 10.2.1;
					};
				};
			};
			buildConfigurationList = 13C861E622D47F62003735B6 /* Build configuration list for PBXProject "desktop_app_demo" */;
			compatibilityVersion = "Xcode 9.3";
			developmentRegion = en;
			hasScannedForEncodings = 0;
			knownRegions = (
				en,
				Base,
			);
			mainGroup = 13C861E222D47F62003735B6;
			productRefGroup = 13C861EC22D47F62003735B6 /* Products */;
			projectDirPath = "";
			projectRoot = "";
			targets = (
				13C861EA22D47F62003735B6 /* desktop_app_demo */,
			);
		};
/* End PBXProject section */

/* Begin PBXResourcesBuildPhase section */
		13C861E922D47F62003735B6 /* Resources */ = {
			isa = PBXResourcesBuildPhase;
			buildActionMask = 2147483647;
			files = (
				13C861FE22D47F63003735B6 /* LaunchScreen.storyboard in Resources */,
				13FEB78222D7320D00B6919F /* Web in Resources */,
				13C861FB22D47F63003735B6 /* Assets.xcassets in Resources */,
				13C861F622D47F62003735B6 /* Main.storyboard in Resources */,
			);
			runOnlyForDeploymentPostprocessing = 0;
		};
/* End PBXResourcesBuildPhase section */

/* Begin PBXShellScriptBuildPhase section */
		E4A8503D28D8E07533BD2108 /* [CP] Check Pods Manifest.lock */ = {
			isa = PBXShellScriptBuildPhase;
			buildActionMask = 2147483647;
			files = (
			);
			inputFileListPaths = (
			);
			inputPaths = (
				"${PODS_PODFILE_DIR_PATH}/Podfile.lock",
				"${PODS_ROOT}/Manifest.lock",
			);
			name = "[CP] Check Pods Manifest.lock";
			outputFileListPaths = (
			);
			outputPaths = (
				"$(DERIVED_FILE_DIR)/Pods-desktop_app_demo-checkManifestLockResult.txt",
			);
			runOnlyForDeploymentPostprocessing = 0;
			shellPath = /bin/sh;
			shellScript = "diff \"${PODS_PODFILE_DIR_PATH}/Podfile.lock\" \"${PODS_ROOT}/Manifest.lock\" > /dev/null\nif [ $? != 0 ] ; then\n    # print error to STDERR\n    echo \"error: The sandbox is not in sync with the Podfile.lock. Run 'pod install' or update your CocoaPods installation.\" >&2\n    exit 1\nfi\n# This output is used by Xcode 'outputs' to avoid re-running this script phase.\necho \"SUCCESS\" > \"${SCRIPT_OUTPUT_FILE_0}\"\n";
			showEnvVarsInLog = 0;
		};
/* End PBXShellScriptBuildPhase section */

/* Begin PBXSourcesBuildPhase section */
		13C861E722D47F62003735B6 /* Sources */ = {
			isa = PBXSourcesBuildPhase;
			buildActionMask = 2147483647;
			files = (
				13C861F922D47F62003735B6 /* desktop_app_demo.xcdatamodeld in Sources */,
				13C861F322D47F62003735B6 /* ViewController.m in Sources */,
				13C8620122D47F63003735B6 /* main.m in Sources */,
				13C861F022D47F62003735B6 /* AppDelegate.m in Sources */,
			);
			runOnlyForDeploymentPostprocessing = 0;
		};
/* End PBXSourcesBuildPhase section */

/* Begin PBXVariantGroup section */
		13C861F422D47F62003735B6 /* Main.storyboard */ = {
			isa = PBXVariantGroup;
			children = (
				13C861F522D47F62003735B6 /* Base */,
			);
			name = Main.storyboard;
			sourceTree = "<group>";
		};
		13C861FC22D47F63003735B6 /* LaunchScreen.storyboard */ = {
			isa = PBXVariantGroup;
			children = (
				13C861FD22D47F63003735B6 /* Base */,
			);
			name = LaunchScreen.storyboard;
			sourceTree = "<group>";
		};
/* End PBXVariantGroup section */

/* Begin XCBuildConfiguration section */
		13C8620222D47F63003735B6 /* Debug */ = {
			isa = XCBuildConfiguration;
			buildSettings = {
				ALWAYS_SEARCH_USER_PATHS = NO;
				CLANG_ANALYZER_NONNULL = YES;
				CLANG_ANALYZER_NUMBER_OBJECT_CONVERSION = YES_AGGRESSIVE;
				CLANG_CXX_LANGUAGE_STANDARD = "gnu++14";
				CLANG_CXX_LIBRARY = "libc++";
				CLANG_ENABLE_MODULES = YES;
				CLANG_ENABLE_OBJC_ARC = YES;
				CLANG_ENABLE_OBJC_WEAK = YES;
				CLANG_WARN_BLOCK_CAPTURE_AUTORELEASING = YES;
				CLANG_WARN_BOOL_CONVERSION = YES;
				CLANG_WARN_COMMA = YES;
				CLANG_WARN_CONSTANT_CONVERSION = YES;
				CLANG_WARN_DEPRECATED_OBJC_IMPLEMENTATIONS = YES;
				CLANG_WARN_DIRECT_OBJC_ISA_USAGE = YES_ERROR;
				CLANG_WARN_DOCUMENTATION_COMMENTS = YES;
				CLANG_WARN_EMPTY_BODY = YES;
				CLANG_WARN_ENUM_CONVERSION = YES;
				CLANG_WARN_INFINITE_RECURSION = YES;
				CLANG_WARN_INT_CONVERSION = YES;
				CLANG_WARN_NON_LITERAL_NULL_CONVERSION = YES;
				CLANG_WARN_OBJC_IMPLICIT_RETAIN_SELF = YES;
				CLANG_WARN_OBJC_LITERAL_CONVERSION = YES;
				CLANG_WARN_OBJC_ROOT_CLASS = YES_ERROR;
				CLANG_WARN_RANGE_LOOP_ANALYSIS = YES;
				CLANG_WARN_STRICT_PROTOTYPES = YES;
				CLANG_WARN_SUSPICIOUS_MOVE = YES;
				CLANG_WARN_UNGUARDED_AVAILABILITY = YES_AGGRESSIVE;
				CLANG_WARN_UNREACHABLE_CODE = YES;
				CLANG_WARN__DUPLICATE_METHOD_MATCH = YES;
				CODE_SIGN_IDENTITY = "iPhone Developer";
				COPY_PHASE_STRIP = NO;
				DEBUG_INFORMATION_FORMAT = dwarf;
				ENABLE_STRICT_OBJC_MSGSEND = YES;
				ENABLE_TESTABILITY = YES;
				GCC_C_LANGUAGE_STANDARD = gnu11;
				GCC_DYNAMIC_NO_PIC = NO;
				GCC_NO_COMMON_BLOCKS = YES;
				GCC_OPTIMIZATION_LEVEL = 0;
				GCC_PREPROCESSOR_DEFINITIONS = (
					"DEBUG=1",
					"$(inherited)",
				);
				GCC_WARN_64_TO_32_BIT_CONVERSION = YES;
				GCC_WARN_ABOUT_RETURN_TYPE = YES_ERROR;
				GCC_WARN_UNDECLARED_SELECTOR = YES;
				GCC_WARN_UNINITIALIZED_AUTOS = YES_AGGRESSIVE;
				GCC_WARN_UNUSED_FUNCTION = YES;
				GCC_WARN_UNUSED_VARIABLE = YES;
				IPHONEOS_DEPLOYMENT_TARGET = 12.2;
				MTL_ENABLE_DEBUG_INFO = INCLUDE_SOURCE;
				MTL_FAST_MATH = YES;
				ONLY_ACTIVE_ARCH = YES;
				SDKROOT = iphoneos;
			};
			name = Debug;
		};
		13C8620322D47F63003735B6 /* Release */ = {
			isa = XCBuildConfiguration;
			buildSettings = {
				ALWAYS_SEARCH_USER_PATHS = NO;
				CLANG_ANALYZER_NONNULL = YES;
				CLANG_ANALYZER_NUMBER_OBJECT_CONVERSION = YES_AGGRESSIVE;
				CLANG_CXX_LANGUAGE_STANDARD = "gnu++14";
				CLANG_CXX_LIBRARY = "libc++";
				CLANG_ENABLE_MODULES = YES;
				CLANG_ENABLE_OBJC_ARC = YES;
				CLANG_ENABLE_OBJC_WEAK = YES;
				CLANG_WARN_BLOCK_CAPTURE_AUTORELEASING = YES;
				CLANG_WARN_BOOL_CONVERSION = YES;
				CLANG_WARN_COMMA = YES;
				CLANG_WARN_CONSTANT_CONVERSION = YES;
				CLANG_WARN_DEPRECATED_OBJC_IMPLEMENTATIONS = YES;
				CLANG_WARN_DIRECT_OBJC_ISA_USAGE = YES_ERROR;
				CLANG_WARN_DOCUMENTATION_COMMENTS = YES;
				CLANG_WARN_EMPTY_BODY = YES;
				CLANG_WARN_ENUM_CONVERSION = YES;
				CLANG_WARN_INFINITE_RECURSION = YES;
				CLANG_WARN_INT_CONVERSION = YES;
				CLANG_WARN_NON_LITERAL_NULL_CONVERSION = YES;
				CLANG_WARN_OBJC_IMPLICIT_RETAIN_SELF = YES;
				CLANG_WARN_OBJC_LITERAL_CONVERSION = YES;
				CLANG_WARN_OBJC_ROOT_CLASS = YES_ERROR;
				CLANG_WARN_RANGE_LOOP_ANALYSIS = YES;
				CLANG_WARN_STRICT_PROTOTYPES = YES;
				CLANG_WARN_SUSPICIOUS_MOVE = YES;
				CLANG_WARN_UNGUARDED_AVAILABILITY = YES_AGGRESSIVE;
				CLANG_WARN_UNREACHABLE_CODE = YES;
				CLANG_WARN__DUPLICATE_METHOD_MATCH = YES;
				CODE_SIGN_IDENTITY = "iPhone Developer";
				COPY_PHASE_STRIP = NO;
				DEBUG_INFORMATION_FORMAT = "dwarf-with-dsym";
				ENABLE_NS_ASSERTIONS = NO;
				ENABLE_STRICT_OBJC_MSGSEND = YES;
				GCC_C_LANGUAGE_STANDARD = gnu11;
				GCC_NO_COMMON_BLOCKS = YES;
				GCC_WARN_64_TO_32_BIT_CONVERSION = YES;
				GCC_WARN_ABOUT_RETURN_TYPE = YES_ERROR;
				GCC_WARN_UNDECLARED_SELECTOR = YES;
				GCC_WARN_UNINITIALIZED_AUTOS = YES_AGGRESSIVE;
				GCC_WARN_UNUSED_FUNCTION = YES;
				GCC_WARN_UNUSED_VARIABLE = YES;
				IPHONEOS_DEPLOYMENT_TARGET = 12.2;
				MTL_ENABLE_DEBUG_INFO = NO;
				MTL_FAST_MATH = YES;
				SDKROOT = iphoneos;
				VALIDATE_PRODUCT = YES;
			};
			name = Release;
		};
		13C8620522D47F63003735B6 /* Debug */ = {
			isa = XCBuildConfiguration;
			baseConfigurationReference = C015B100B250D33161808759 /* Pods-desktop_app_demo.debug.xcconfig */;
			buildSettings = {
				ASSETCATALOG_COMPILER_APPICON_NAME = AppIcon;
				CODE_SIGN_STYLE = Automatic;
				DEVELOPMENT_TEAM = FN97SZRYD7;
				INFOPLIST_FILE = desktop_app_demo/Info.plist;
				LD_RUNPATH_SEARCH_PATHS = (
					"$(inherited)",
					"@executable_path/Frameworks",
				);
				PRODUCT_BUNDLE_IDENTIFIER = com.pst.desktop;
				PRODUCT_NAME = "$(TARGET_NAME)";
				TARGETED_DEVICE_FAMILY = "1,2";
			};
			name = Debug;
		};
		13C8620622D47F63003735B6 /* Release */ = {
			isa = XCBuildConfiguration;
			baseConfigurationReference = BF4DA0CD6EEDC57DE466DE74 /* Pods-desktop_app_demo.release.xcconfig */;
			buildSettings = {
				ASSETCATALOG_COMPILER_APPICON_NAME = AppIcon;
				CODE_SIGN_STYLE = Automatic;
				DEVELOPMENT_TEAM = FN97SZRYD7;
				INFOPLIST_FILE = desktop_app_demo/Info.plist;
				LD_RUNPATH_SEARCH_PATHS = (
					"$(inherited)",
					"@executable_path/Frameworks",
				);
				PRODUCT_BUNDLE_IDENTIFIER = com.pst.desktop;
				PRODUCT_NAME = "$(TARGET_NAME)";
				TARGETED_DEVICE_FAMILY = "1,2";
			};
			name = Release;
		};
/* End XCBuildConfiguration section */

/* Begin XCConfigurationList section */
		13C861E622D47F62003735B6 /* Build configuration list for PBXProject "desktop_app_demo" */ = {
			isa = XCConfigurationList;
			buildConfigurations = (
				13C8620222D47F63003735B6 /* Debug */,
				13C8620322D47F63003735B6 /* Release */,
			);
			defaultConfigurationIsVisible = 0;
			defaultConfigurationName = Release;
		};
		13C8620422D47F63003735B6 /* Build configuration list for PBXNativeTarget "desktop_app_demo" */ = {
			isa = XCConfigurationList;
			buildConfigurations = (
				13C8620522D47F63003735B6 /* Debug */,
				13C8620622D47F63003735B6 /* Release */,
			);
			defaultConfigurationIsVisible = 0;
			defaultConfigurationName = Release;
		};
/* End XCConfigurationList section */

/* Begin XCVersionGroup section */
		13C861F722D47F62003735B6 /* desktop_app_demo.xcdatamodeld */ = {
			isa = XCVersionGroup;
			children = (
				13C861F822D47F62003735B6 /* desktop_app_demo.xcdatamodel */,
			);
			currentVersion = 13C861F822D47F62003735B6 /* desktop_app_demo.xcdatamodel */;
			path = desktop_app_demo.xcdatamodeld;
			sourceTree = "<group>";
			versionGroupType = wrapper.xcdatamodel;
		};
/* End XCVersionGroup section */
	};
	rootObject = 13C861E322D47F62003735B6 /* Project object */;
}
